
Microsoft Visual Studio Solution File, Format Version 12.00
# Visual Studio Version 16
VisualStudioVersion = 16.0.28809.33
MinimumVisualStudioVersion = 10.0.40219.1
Project("{2150E333-8FDC-42A3-9474-1A3956D46DE8}") = "API", "API", "{B37A59C9-5920-4291-A4CB-2138DD000C88}"
EndProject
Project("{2150E333-8FDC-42A3-9474-1A3956D46DE8}") = "V1", "V1", "{47DC62E6-73B4-474B-9732-0E0193109741}"
EndProject
Project("{2150E333-8FDC-42A3-9474-1A3956D46DE8}") = "CS", "CS", "{28F3AE4B-DFBC-4BDF-9AE9-4C2D3EE1BC4A}"
EndProject
Project("{2150E333-8FDC-42A3-9474-1A3956D46DE8}") = "Python", "Python", "{ACB3E4FB-28F8-4C69-BF21-FD19E66D5ABE}"
EndProject
Project("{9A19103F-16F7-4668-BE54-9A1E7A4F7556}") = "API.V1.RPC.Client.CS", "API\V1\CS\API.V1.RPC.Client.CS\API.V1.RPC.Client.CS.csproj", "{8DF2EEC1-94DB-4341-B9AD-378CB884E489}"
EndProject
Project("{9A19103F-16F7-4668-BE54-9A1E7A4F7556}") = "API.V1.RPC.Server.CS", "API\V1\CS\API.V1.RPC.Server.CS\API.V1.RPC.Server.CS.csproj", "{AA1AA145-6291-4C01-9377-A5A9CE0F1663}"
EndProject
Project("{2150E333-8FDC-42A3-9474-1A3956D46DE8}") = "Tools", "Tools", "{C72148A7-4F89-4FE0-B141-3EF8B9328BBC}"
EndProject
Project("{2150E333-8FDC-42A3-9474-1A3956D46DE8}") = "Data", "Data", "{A0182FAB-1387-4569-BBD1-C0F1E7453B4B}"
EndProject
Project("{2150E333-8FDC-42A3-9474-1A3956D46DE8}") = "TreeStructure", "TreeStructure", "{00EDD4E3-4DB9-4F56-9538-D2108F54966A}"
EndProject
Project("{9A19103F-16F7-4668-BE54-9A1E7A4F7556}") = "MLP.Tools.Data.TreeStructure", "Tools\Data\TreeStructure\MLP.Tools.Data.TreeStructure\MLP.Tools.Data.TreeStructure.csproj", "{8DF7DC90-62A1-4C5A-9326-BE2058C22750}"
EndProject
Global
	GlobalSection(SolutionConfigurationPlatforms) = preSolution
		Debug|Any CPU = Debug|Any CPU
		Release|Any CPU = Release|Any CPU
	EndGlobalSection
	GlobalSection(ProjectConfigurationPlatforms) = postSolution
		{8DF2EEC1-94DB-4341-B9AD-378CB884E489}.Debug|Any CPU.ActiveCfg = Debug|Any CPU
		{8DF2EEC1-94DB-4341-B9AD-378CB884E489}.Debug|Any CPU.Build.0 = Debug|Any CPU
		{8DF2EEC1-94DB-4341-B9AD-378CB884E489}.Release|Any CPU.ActiveCfg = Release|Any CPU
		{8DF2EEC1-94DB-4341-B9AD-378CB884E489}.Release|Any CPU.Build.0 = Release|Any CPU
		{AA1AA145-6291-4C01-9377-A5A9CE0F1663}.Debug|Any CPU.ActiveCfg = Debug|Any CPU
		{AA1AA145-6291-4C01-9377-A5A9CE0F1663}.Debug|Any CPU.Build.0 = Debug|Any CPU
		{AA1AA145-6291-4C01-9377-A5A9CE0F1663}.Release|Any CPU.ActiveCfg = Release|Any CPU
		{AA1AA145-6291-4C01-9377-A5A9CE0F1663}.Release|Any CPU.Build.0 = Release|Any CPU
		{8DF7DC90-62A1-4C5A-9326-BE2058C22750}.Debug|Any CPU.ActiveCfg = Debug|Any CPU
		{8DF7DC90-62A1-4C5A-9326-BE2058C22750}.Debug|Any CPU.Build.0 = Debug|Any CPU
		{8DF7DC90-62A1-4C5A-9326-BE2058C22750}.Release|Any CPU.ActiveCfg = Release|Any CPU
		{8DF7DC90-62A1-4C5A-9326-BE2058C22750}.Release|Any CPU.Build.0 = Release|Any CPU
	EndGlobalSection
	GlobalSection(SolutionProperties) = preSolution
		HideSolutionNode = FALSE
	EndGlobalSection
	GlobalSection(NestedProjects) = preSolution
		{47DC62E6-73B4-474B-9732-0E0193109741} = {B37A59C9-5920-4291-A4CB-2138DD000C88}
		{28F3AE4B-DFBC-4BDF-9AE9-4C2D3EE1BC4A} = {47DC62E6-73B4-474B-9732-0E0193109741}
		{ACB3E4FB-28F8-4C69-BF21-FD19E66D5ABE} = {47DC62E6-73B4-474B-9732-0E0193109741}
		{8DF2EEC1-94DB-4341-B9AD-378CB884E489} = {28F3AE4B-DFBC-4BDF-9AE9-4C2D3EE1BC4A}
		{AA1AA145-6291-4C01-9377-A5A9CE0F1663} = {28F3AE4B-DFBC-4BDF-9AE9-4C2D3EE1BC4A}
		{A0182FAB-1387-4569-BBD1-C0F1E7453B4B} = {C72148A7-4F89-4FE0-B141-3EF8B9328BBC}
		{00EDD4E3-4DB9-4F56-9538-D2108F54966A} = {A0182FAB-1387-4569-BBD1-C0F1E7453B4B}
		{8DF7DC90-62A1-4C5A-9326-BE2058C22750} = {00EDD4E3-4DB9-4F56-9538-D2108F54966A}
	EndGlobalSection
	GlobalSection(ExtensibilityGlobals) = postSolution
		SolutionGuid = {E3B8D0F4-D5C5-46BA-AA22-23177E43428E}
	EndGlobalSection
EndGlobal
